#MicroXplorer Configuration settings - do not modify
Mcu.Family=STM32F0
PA6.GPIOParameters=GPIO_Label,GPIO_Mode
ProjectManager.MainLocation=Core/Src
PC15-OSC32_OUT.Mode=LSE-External-Oscillator
I2C1.Speed=0x3e8
RCC.MCOFreq_Value=48000000
PB13.GPIOParameters=GPIO_Speed,GPIO_ModeDefaultOutputPP
RCC.USART1Freq_Value=48000000
ProjectManager.ProjectFileName=Tuya.ioc
I2C1.I2C_Speed_Mode=I2C_Fast_Plus
ProjectManager.KeepUserCode=true
PA10.Mode=Asynchronous
PB10.GPIO_Speed=GPIO_SPEED_FREQ_HIGH
Mcu.UserName=STM32F030C8Tx
Mcu.PinsNb=19
ProjectManager.NoMain=false
USART1.BaudRate=9600
RCC.PLLCLKFreq_Value=48000000
ProjectManager.functionlistsort=1-MX_GPIO_Init-GPIO-false-HAL-true,2-SystemClock_Config-RCC-false-HAL-false,3-MX_I2C1_Init-I2C1-false-HAL-true,4-MX_USART1_UART_Init-USART1-false-HAL-true,5-MX_TIM6_Init-TIM6-false-HAL-true
TIM6.Prescaler=47
VP_TIM6_VS_ClockSourceINT.Mode=Enable_Timer
ProjectManager.DefaultFWLocation=true
PA6.GPIO_Label=DT
PB12.Locked=true
NVIC.SVC_IRQn=true\:0\:0\:false\:false\:true\:false\:false
ProjectManager.DeletePrevious=true
PF1-OSC_OUT.Locked=true
USART1.IPParameters=VirtualMode-Asynchronous,BaudRate
PB14.Locked=true
PB10.Locked=true
PC14-OSC32_IN.Signal=RCC_OSC32_IN
PB11.Signal=GPIO_Output
PB13.Signal=GPIO_Output
PinOutPanel.RotationAngle=0
RCC.FamilyName=M
RCC.SYSCLKSource=RCC_SYSCLKSOURCE_PLLCLK
ProjectManager.StackSize=0x400
PA6.GPIO_Mode=GPIO_MODE_INPUT
PB11.GPIO_Speed=GPIO_SPEED_FREQ_HIGH
VP_TIM6_VS_ClockSourceINT.Signal=TIM6_VS_ClockSourceINT
USART1.VirtualMode-Asynchronous=VM_ASYNC
PA13.Signal=SYS_SWDIO
Mcu.IP4=TIM6
RCC.FCLKCortexFreq_Value=48000000
Mcu.IP5=USART1
I2C1.IPParameters=I2C_Speed_Mode,Timing,Speed
Mcu.IP2=RCC
Mcu.IP3=SYS
Mcu.IP0=I2C1
PA9.Mode=Asynchronous
Mcu.IP1=NVIC
PB14.PinState=GPIO_PIN_SET
PC15-OSC32_OUT.Locked=true
TIM6.IPParameters=Prescaler
Mcu.UserConstants=
ProjectManager.TargetToolchain=STM32CubeIDE
PB14.GPIO_Speed=GPIO_SPEED_FREQ_LOW
Mcu.ThirdPartyNb=0
RCC.HCLKFreq_Value=48000000
Mcu.IPNb=6
ProjectManager.PreviousToolchain=
PA9.Signal=USART1_TX
PB6.Signal=I2C1_SCL
I2C1.Timing=0x20000209
PB13.GPIO_Speed=GPIO_SPEED_FREQ_HIGH
PB13.GPIO_ModeDefaultOutputPP=GPIO_MODE_OUTPUT_PP
PB11.GPIOParameters=GPIO_Speed
PB6.Mode=I2C
Mcu.Pin6=PB10
Mcu.Pin7=PB11
ProjectManager.RegisterCallBack=
Mcu.Pin8=PB12
Mcu.Pin9=PB13
PC15-OSC32_OUT.Signal=RCC_OSC32_OUT
PB14.GPIO_ModeDefaultOutputPP=GPIO_MODE_OUTPUT_PP
PA7.GPIO_PuPd=GPIO_NOPULL
RCC.AHBFreq_Value=48000000
PB12.GPIO_Speed=GPIO_SPEED_FREQ_HIGH
PB13.Locked=true
Mcu.Pin0=PC14-OSC32_IN
Mcu.Pin1=PC15-OSC32_OUT
PF0-OSC_IN.Mode=HSE-External-Oscillator
GPIO.groupedBy=Group By Peripherals
Mcu.Pin2=PF0-OSC_IN
PB10.Signal=GPIO_Output
Mcu.Pin3=PF1-OSC_OUT
Mcu.Pin4=PA6
Mcu.Pin5=PA7
PB14.Signal=GPIO_Output
ProjectManager.ProjectBuild=false
board=custom
RCC.Usart1ClockSelection=RCC_USART1CLKSOURCE_SYSCLK
NVIC.SysTick_IRQn=true\:0\:0\:false\:false\:true\:false\:true
ProjectManager.LastFirmware=true
RCC.PLLMUL=RCC_PLL_MUL12
PA7.GPIO_Speed=GPIO_SPEED_FREQ_MEDIUM
ProjectManager.FirmwarePackage=STM32Cube FW_F0 V1.11.2
MxDb.Version=DB.6.0.20
ProjectManager.BackupPrevious=false
MxCube.Version=6.2.0
PC14-OSC32_IN.Mode=LSE-External-Oscillator
RCC.I2C1Freq_Value=48000000
PA14.Mode=Serial_Wire
PF0-OSC_IN.Locked=true
File.Version=6
VP_SYS_VS_Systick.Mode=SysTick
RCC.I2c1ClockSelection=RCC_I2C1CLKSOURCE_SYSCLK
PB7.Signal=I2C1_SDA
NVIC.NonMaskableInt_IRQn=true\:0\:0\:false\:false\:true\:false\:false
NVIC.PendSV_IRQn=true\:0\:0\:false\:false\:true\:false\:false
PA13.Mode=Serial_Wire
ProjectManager.FreePins=false
RCC.IPParameters=AHBFreq_Value,APB1Freq_Value,APB1TimFreq_Value,FCLKCortexFreq_Value,FamilyName,HCLKFreq_Value,I2C1Freq_Value,I2c1ClockSelection,MCOFreq_Value,PLLCLKFreq_Value,PLLMCOFreq_Value,PLLMUL,SYSCLKFreq_VALUE,SYSCLKSource,TimSysFreq_Value,USART1Freq_Value,Usart1ClockSelection
ProjectManager.AskForMigrate=true
Mcu.Name=STM32F030C8Tx
ProjectManager.HalAssertFull=false
ProjectManager.ProjectName=Tuya
ProjectManager.UnderRoot=true
RCC.PLLMCOFreq_Value=24000000
ProjectManager.CoupleFile=true
RCC.SYSCLKFreq_VALUE=48000000
Mcu.Package=LQFP48
PA6.Signal=GPIO_Input
PB14.GPIO_PuPd=GPIO_NOPULL
RCC.TimSysFreq_Value=48000000
PA7.GPIO_Label=SCK
PA7.Locked=true
NVIC.ForceEnableDMAVector=true
KeepUserPlacement=false
PA13.Locked=true
ProjectManager.CompilerOptimize=6
ProjectManager.ToolChainLocation=
VP_SYS_VS_Systick.Signal=SYS_VS_Systick
PB7.Mode=I2C
PA10.Signal=USART1_RX
PA14.Signal=SYS_SWCLK
ProjectManager.HeapSize=0x200
Mcu.Pin15=PB6
NVIC.HardFault_IRQn=true\:0\:0\:false\:false\:true\:false\:false
Mcu.Pin16=PB7
Mcu.Pin13=PA13
Mcu.Pin14=PA14
PB14.GPIOParameters=GPIO_Speed,PinState,GPIO_PuPd,GPIO_ModeDefaultOutputPP
ProjectManager.ComputerToolchain=false
Mcu.Pin17=VP_SYS_VS_Systick
Mcu.Pin18=VP_TIM6_VS_ClockSourceINT
Mcu.Pin11=PA9
Mcu.Pin12=PA10
Mcu.Pin10=PB14
RCC.APB1TimFreq_Value=48000000
PB10.GPIOParameters=GPIO_Speed
PF0-OSC_IN.Signal=RCC_OSC_IN
NVIC.USART1_IRQn=true\:1\:0\:true\:false\:true\:true\:true
PF1-OSC_OUT.Mode=HSE-External-Oscillator
RCC.APB1Freq_Value=48000000
PA7.GPIOParameters=GPIO_Speed,GPIO_PuPd,GPIO_Label
ProjectManager.CustomerFirmwarePackage=
PB11.Locked=true
ProjectManager.DeviceId=STM32F030C8Tx
PC14-OSC32_IN.Locked=true
PB12.GPIOParameters=GPIO_Speed
PB12.Signal=GPIO_Output
PF1-OSC_OUT.Signal=RCC_OSC_OUT
ProjectManager.LibraryCopy=1
PA7.Signal=GPIO_Output
PA6.Locked=true
isbadioc=false
